// !$*UTF8*$!
{
	archiveVersion = 1;
	classes = {
	};
	objectVersion = 46;
	objects = {

/* Begin PBXBuildFile section */
		2851709B1D4DAC5800619886 /* Quinoa.jpeg in Resources */ = {isa = PBXBuildFile; fileRef = 285170821D4DAC5800619886 /* Quinoa.jpeg */; };
		2851709C1D4DAC5800619886 /* Pizza.jpeg in Resources */ = {isa = PBXBuildFile; fileRef = 285170831D4DAC5800619886 /* Pizza.jpeg */; };
		2851709D1D4DAC5800619886 /* Orange.jpeg in Resources */ = {isa = PBXBuildFile; fileRef = 285170841D4DAC5800619886 /* Orange.jpeg */; };
		2851709E1D4DAC5800619886 /* Nuts.jpeg in Resources */ = {isa = PBXBuildFile; fileRef = 285170851D4DAC5800619886 /* Nuts.jpeg */; };
		2851709F1D4DAC5800619886 /* Mango.jpeg in Resources */ = {isa = PBXBuildFile; fileRef = 285170861D4DAC5800619886 /* Mango.jpeg */; };
		285170A01D4DAC5800619886 /* Lemon.jpeg in Resources */ = {isa = PBXBuildFile; fileRef = 285170871D4DAC5800619886 /* Lemon.jpeg */; };
		285170A11D4DAC5800619886 /* Kiwi.jpeg in Resources */ = {isa = PBXBuildFile; fileRef = 285170881D4DAC5800619886 /* Kiwi.jpeg */; };
		285170A21D4DAC5800619886 /* Juice.jpeg in Resources */ = {isa = PBXBuildFile; fileRef = 285170891D4DAC5800619886 /* Juice.jpeg */; };
		285170A31D4DAC5800619886 /* Icecream.jpeg in Resources */ = {isa = PBXBuildFile; fileRef = 2851708A1D4DAC5800619886 /* Icecream.jpeg */; };
		285170A41D4DAC5800619886 /* Honey.jpeg in Resources */ = {isa = PBXBuildFile; fileRef = 2851708B1D4DAC5800619886 /* Honey.jpeg */; };
		285170A51D4DAC5800619886 /* Grapes.jpeg in Resources */ = {isa = PBXBuildFile; fileRef = 2851708C1D4DAC5800619886 /* Grapes.jpeg */; };
		285170A61D4DAC5800619886 /* Fruits.jpeg in Resources */ = {isa = PBXBuildFile; fileRef = 2851708D1D4DAC5800619886 /* Fruits.jpeg */; };
		285170A71D4DAC5800619886 /* Egg.jpeg in Resources */ = {isa = PBXBuildFile; fileRef = 2851708E1D4DAC5800619886 /* Egg.jpeg */; };
		285170A81D4DAC5800619886 /* Donuts.jpeg in Resources */ = {isa = PBXBuildFile; fileRef = 2851708F1D4DAC5800619886 /* Donuts.jpeg */; };
		285170A91D4DAC5800619886 /* Cake.jpeg in Resources */ = {isa = PBXBuildFile; fileRef = 285170901D4DAC5800619886 /* Cake.jpeg */; };
		285170AA1D4DAC5800619886 /* Banana.jpeg in Resources */ = {isa = PBXBuildFile; fileRef = 285170911D4DAC5800619886 /* Banana.jpeg */; };
		285170AB1D4DAC5800619886 /* Apple.jpeg in Resources */ = {isa = PBXBuildFile; fileRef = 285170921D4DAC5800619886 /* Apple.jpeg */; };
		285170AC1D4DAC5800619886 /* Zuchinni.jpeg in Resources */ = {isa = PBXBuildFile; fileRef = 285170931D4DAC5800619886 /* Zuchinni.jpeg */; };
		285170AD1D4DAC5800619886 /* Xmascake.jpeg in Resources */ = {isa = PBXBuildFile; fileRef = 285170941D4DAC5800619886 /* Xmascake.jpeg */; };
		285170AE1D4DAC5800619886 /* Watermellon.jpeg in Resources */ = {isa = PBXBuildFile; fileRef = 285170951D4DAC5800619886 /* Watermellon.jpeg */; };
		285170AF1D4DAC5800619886 /* Vegetables.jpeg in Resources */ = {isa = PBXBuildFile; fileRef = 285170961D4DAC5800619886 /* Vegetables.jpeg */; };
		285170B01D4DAC5800619886 /* Utensils.jpeg in Resources */ = {isa = PBXBuildFile; fileRef = 285170971D4DAC5800619886 /* Utensils.jpeg */; };
		285170B11D4DAC5800619886 /* Tomato.jpeg in Resources */ = {isa = PBXBuildFile; fileRef = 285170981D4DAC5800619886 /* Tomato.jpeg */; };
		285170B21D4DAC5800619886 /* Sandwitch.jpeg in Resources */ = {isa = PBXBuildFile; fileRef = 285170991D4DAC5800619886 /* Sandwitch.jpeg */; };
		285170B31D4DAC5800619886 /* Rice.jpeg in Resources */ = {isa = PBXBuildFile; fileRef = 2851709A1D4DAC5800619886 /* Rice.jpeg */; };
		28882CCC1D4E983900E89A2D /* Yogurt.jpeg in Resources */ = {isa = PBXBuildFile; fileRef = 28882CCB1D4E983900E89A2D /* Yogurt.jpeg */; };
		28C8B46A1D3882A5006F4863 /* RecordAlphabet.swift in Sources */ = {isa = PBXBuildFile; fileRef = 28C8B4691D3882A5006F4863 /* RecordAlphabet.swift */; };
		DC5625C41BCAA01F00B73BED /* Alphabet.swift in Sources */ = {isa = PBXBuildFile; fileRef = DC5625C31BCAA01F00B73BED /* Alphabet.swift */; };
		DC616E841BCDDDD60093F441 /* Launch Screen.storyboard in Resources */ = {isa = PBXBuildFile; fileRef = DC616E831BCDDDD60093F441 /* Launch Screen.storyboard */; };
		DCDEAEC41BC9594300970747 /* AppDelegate.swift in Sources */ = {isa = PBXBuildFile; fileRef = DCDEAEC31BC9594300970747 /* AppDelegate.swift */; };
		DCDEAEC91BC9594300970747 /* Main.storyboard in Resources */ = {isa = PBXBuildFile; fileRef = DCDEAEC71BC9594300970747 /* Main.storyboard */; };
		DCDEAECB1BC9594300970747 /* Assets.xcassets in Resources */ = {isa = PBXBuildFile; fileRef = DCDEAECA1BC9594300970747 /* Assets.xcassets */; };
		DCDEAED61BC967C200970747 /* LeftViewController.swift in Sources */ = {isa = PBXBuildFile; fileRef = DCDEAED51BC967C200970747 /* LeftViewController.swift */; };
		DCDEAED81BC967D900970747 /* RightViewController.swift in Sources */ = {isa = PBXBuildFile; fileRef = DCDEAED71BC967D900970747 /* RightViewController.swift */; };
/* End PBXBuildFile section */

/* Begin PBXFileReference section */
		285170821D4DAC5800619886 /* Quinoa.jpeg */ = {isa = PBXFileReference; lastKnownFileType = image.jpeg; path = Quinoa.jpeg; sourceTree = "<group>"; };
		285170831D4DAC5800619886 /* Pizza.jpeg */ = {isa = PBXFileReference; lastKnownFileType = image.jpeg; path = Pizza.jpeg; sourceTree = "<group>"; };
		285170841D4DAC5800619886 /* Orange.jpeg */ = {isa = PBXFileReference; lastKnownFileType = image.jpeg; path = Orange.jpeg; sourceTree = "<group>"; };
		285170851D4DAC5800619886 /* Nuts.jpeg */ = {isa = PBXFileReference; lastKnownFileType = image.jpeg; path = Nuts.jpeg; sourceTree = "<group>"; };
		285170861D4DAC5800619886 /* Mango.jpeg */ = {isa = PBXFileReference; lastKnownFileType = image.jpeg; path = Mango.jpeg; sourceTree = "<group>"; };
		285170871D4DAC5800619886 /* Lemon.jpeg */ = {isa = PBXFileReference; lastKnownFileType = image.jpeg; path = Lemon.jpeg; sourceTree = "<group>"; };
		285170881D4DAC5800619886 /* Kiwi.jpeg */ = {isa = PBXFileReference; lastKnownFileType = image.jpeg; path = Kiwi.jpeg; sourceTree = "<group>"; };
		285170891D4DAC5800619886 /* Juice.jpeg */ = {isa = PBXFileReference; lastKnownFileType = image.jpeg; path = Juice.jpeg; sourceTree = "<group>"; };
		2851708A1D4DAC5800619886 /* Icecream.jpeg */ = {isa = PBXFileReference; lastKnownFileType = image.jpeg; path = Icecream.jpeg; sourceTree = "<group>"; };
		2851708B1D4DAC5800619886 /* Honey.jpeg */ = {isa = PBXFileReference; lastKnownFileType = image.jpeg; path = Honey.jpeg; sourceTree = "<group>"; };
		2851708C1D4DAC5800619886 /* Grapes.jpeg */ = {isa = PBXFileReference; lastKnownFileType = image.jpeg; path = Grapes.jpeg; sourceTree = "<group>"; };
		2851708D1D4DAC5800619886 /* Fruits.jpeg */ = {isa = PBXFileReference; lastKnownFileType = image.jpeg; path = Fruits.jpeg; sourceTree = "<group>"; };
		2851708E1D4DAC5800619886 /* Egg.jpeg */ = {isa = PBXFileReference; lastKnownFileType = image.jpeg; path = Egg.jpeg; sourceTree = "<group>"; };
		2851708F1D4DAC5800619886 /* Donuts.jpeg */ = {isa = PBXFileReference; lastKnownFileType = image.jpeg; path = Donuts.jpeg; sourceTree = "<group>"; };
		285170901D4DAC5800619886 /* Cake.jpeg */ = {isa = PBXFileReference; lastKnownFileType = image.jpeg; path = Cake.jpeg; sourceTree = "<group>"; };
		285170911D4DAC5800619886 /* Banana.jpeg */ = {isa = PBXFileReference; lastKnownFileType = image.jpeg; path = Banana.jpeg; sourceTree = "<group>"; };
		285170921D4DAC5800619886 /* Apple.jpeg */ = {isa = PBXFileReference; lastKnownFileType = image.jpeg; path = Apple.jpeg; sourceTree = "<group>"; };
		285170931D4DAC5800619886 /* Zuchinni.jpeg */ = {isa = PBXFileReference; lastKnownFileType = image.jpeg; path = Zuchinni.jpeg; sourceTree = "<group>"; };
		285170941D4DAC5800619886 /* Xmascake.jpeg */ = {isa = PBXFileReference; lastKnownFileType = image.jpeg; path = Xmascake.jpeg; sourceTree = "<group>"; };
		285170951D4DAC5800619886 /* Watermellon.jpeg */ = {isa = PBXFileReference; lastKnownFileType = image.jpeg; path = Watermellon.jpeg; sourceTree = "<group>"; };
		285170961D4DAC5800619886 /* Vegetables.jpeg */ = {isa = PBXFileReference; lastKnownFileType = image.jpeg; path = Vegetables.jpeg; sourceTree = "<group>"; };
		285170971D4DAC5800619886 /* Utensils.jpeg */ = {isa = PBXFileReference; lastKnownFileType = image.jpeg; path = Utensils.jpeg; sourceTree = "<group>"; };
		285170981D4DAC5800619886 /* Tomato.jpeg */ = {isa = PBXFileReference; lastKnownFileType = image.jpeg; path = Tomato.jpeg; sourceTree = "<group>"; };
		285170991D4DAC5800619886 /* Sandwitch.jpeg */ = {isa = PBXFileReference; lastKnownFileType = image.jpeg; path = Sandwitch.jpeg; sourceTree = "<group>"; };
		2851709A1D4DAC5800619886 /* Rice.jpeg */ = {isa = PBXFileReference; lastKnownFileType = image.jpeg; path = Rice.jpeg; sourceTree = "<group>"; };
		28882CCB1D4E983900E89A2D /* Yogurt.jpeg */ = {isa = PBXFileReference; lastKnownFileType = image.jpeg; path = Yogurt.jpeg; sourceTree = "<group>"; };
		28C8B4691D3882A5006F4863 /* RecordAlphabet.swift */ = {isa = PBXFileReference; fileEncoding = 4; lastKnownFileType = sourcecode.swift; path = RecordAlphabet.swift; sourceTree = "<group>"; };
		DC5625C31BCAA01F00B73BED /* Alphabet.swift */ = {isa = PBXFileReference; fileEncoding = 4; lastKnownFileType = sourcecode.swift; path = Alphabet.swift; sourceTree = "<group>"; };
		DC616E831BCDDDD60093F441 /* Launch Screen.storyboard */ = {isa = PBXFileReference; fileEncoding = 4; lastKnownFileType = file.storyboard; path = "Launch Screen.storyboard"; sourceTree = "<group>"; };
		DCDEAEC01BC9594300970747 /* DaddyAlphabet.app */ = {isa = PBXFileReference; explicitFileType = wrapper.application; includeInIndex = 0; path = DaddyAlphabet.app; sourceTree = BUILT_PRODUCTS_DIR; };
		DCDEAEC31BC9594300970747 /* AppDelegate.swift */ = {isa = PBXFileReference; lastKnownFileType = sourcecode.swift; path = AppDelegate.swift; sourceTree = "<group>"; };
		DCDEAEC81BC9594300970747 /* Base */ = {isa = PBXFileReference; lastKnownFileType = file.storyboard; name = Base; path = Base.lproj/Main.storyboard; sourceTree = "<group>"; };
		DCDEAECA1BC9594300970747 /* Assets.xcassets */ = {isa = PBXFileReference; lastKnownFileType = folder.assetcatalog; path = Assets.xcassets; sourceTree = "<group>"; };
		DCDEAECF1BC9594300970747 /* Info.plist */ = {isa = PBXFileReference; lastKnownFileType = text.plist.xml; path = Info.plist; sourceTree = "<group>"; };
		DCDEAED51BC967C200970747 /* LeftViewController.swift */ = {isa = PBXFileReference; fileEncoding = 4; lastKnownFileType = sourcecode.swift; path = LeftViewController.swift; sourceTree = "<group>"; };
		DCDEAED71BC967D900970747 /* RightViewController.swift */ = {isa = PBXFileReference; fileEncoding = 4; lastKnownFileType = sourcecode.swift; path = RightViewController.swift; sourceTree = "<group>"; };
/* End PBXFileReference section */

/* Begin PBXFrameworksBuildPhase section */
		DCDEAEBD1BC9594300970747 /* Frameworks */ = {
			isa = PBXFrameworksBuildPhase;
			buildActionMask = 2147483647;
			files = (
			);
			runOnlyForDeploymentPostprocessing = 0;
		};
/* End PBXFrameworksBuildPhase section */

/* Begin PBXGroup section */
		DC1ACF0E1C43061100E53C2C /* SupportingImageFiles */ = {
			isa = PBXGroup;
			children = (
				28882CCB1D4E983900E89A2D /* Yogurt.jpeg */,
				285170821D4DAC5800619886 /* Quinoa.jpeg */,
				285170831D4DAC5800619886 /* Pizza.jpeg */,
				285170841D4DAC5800619886 /* Orange.jpeg */,
				285170851D4DAC5800619886 /* Nuts.jpeg */,
				285170861D4DAC5800619886 /* Mango.jpeg */,
				285170871D4DAC5800619886 /* Lemon.jpeg */,
				285170881D4DAC5800619886 /* Kiwi.jpeg */,
				285170891D4DAC5800619886 /* Juice.jpeg */,
				2851708A1D4DAC5800619886 /* Icecream.jpeg */,
				2851708B1D4DAC5800619886 /* Honey.jpeg */,
				2851708C1D4DAC5800619886 /* Grapes.jpeg */,
				2851708D1D4DAC5800619886 /* Fruits.jpeg */,
				2851708E1D4DAC5800619886 /* Egg.jpeg */,
				2851708F1D4DAC5800619886 /* Donuts.jpeg */,
				285170901D4DAC5800619886 /* Cake.jpeg */,
				285170911D4DAC5800619886 /* Banana.jpeg */,
				285170921D4DAC5800619886 /* Apple.jpeg */,
				285170931D4DAC5800619886 /* Zuchinni.jpeg */,
				285170941D4DAC5800619886 /* Xmascake.jpeg */,
				285170951D4DAC5800619886 /* Watermellon.jpeg */,
				285170961D4DAC5800619886 /* Vegetables.jpeg */,
				285170971D4DAC5800619886 /* Utensils.jpeg */,
				285170981D4DAC5800619886 /* Tomato.jpeg */,
				285170991D4DAC5800619886 /* Sandwitch.jpeg */,
				2851709A1D4DAC5800619886 /* Rice.jpeg */,
			);
			name = SupportingImageFiles;
			sourceTree = "<group>";
		};
		DCDEAEB71BC9594300970747 = {
			isa = PBXGroup;
			children = (
				DCDEAEC21BC9594300970747 /* DaddyAlphabet */,
				DCDEAEC11BC9594300970747 /* Products */,
			);
			sourceTree = "<group>";
		};
		DCDEAEC11BC9594300970747 /* Products */ = {
			isa = PBXGroup;
			children = (
				DCDEAEC01BC9594300970747 /* DaddyAlphabet.app */,
			);
			name = Products;
			sourceTree = "<group>";
		};
		DCDEAEC21BC9594300970747 /* DaddyAlphabet */ = {
			isa = PBXGroup;
			children = (
				DC1ACF0E1C43061100E53C2C /* SupportingImageFiles */,
				DCDEAEC31BC9594300970747 /* AppDelegate.swift */,
				DCDEAEC71BC9594300970747 /* Main.storyboard */,
				DCDEAECA1BC9594300970747 /* Assets.xcassets */,
				DCDEAECF1BC9594300970747 /* Info.plist */,
				DCDEAED51BC967C200970747 /* LeftViewController.swift */,
				DCDEAED71BC967D900970747 /* RightViewController.swift */,
				DC5625C31BCAA01F00B73BED /* Alphabet.swift */,
				28C8B4691D3882A5006F4863 /* RecordAlphabet.swift */,
				DC616E831BCDDDD60093F441 /* Launch Screen.storyboard */,
			);
			path = DaddyAlphabet;
			sourceTree = "<group>";
		};
/* End PBXGroup section */

/* Begin PBXNativeTarget section */
		DCDEAEBF1BC9594300970747 /* DaddyAlphabet */ = {
			isa = PBXNativeTarget;
			buildConfigurationList = DCDEAED21BC9594300970747 /* Build configuration list for PBXNativeTarget "DaddyAlphabet" */;
			buildPhases = (
				DCDEAEBC1BC9594300970747 /* Sources */,
				DCDEAEBD1BC9594300970747 /* Frameworks */,
				DCDEAEBE1BC9594300970747 /* Resources */,
			);
			buildRules = (
			);
			dependencies = (
			);
			name = DaddyAlphabet;
			productName = DaddyAlphabet;
			productReference = DCDEAEC01BC9594300970747 /* DaddyAlphabet.app */;
			productType = "com.apple.product-type.application";
		};
/* End PBXNativeTarget section */

/* Begin PBXProject section */
		DCDEAEB81BC9594300970747 /* Project object */ = {
			isa = PBXProject;
			attributes = {
				LastUpgradeCheck = 0700;
				ORGANIZATIONNAME = "Suresh Surelia";
				TargetAttributes = {
					DCDEAEBF1BC9594300970747 = {
						CreatedOnToolsVersion = 7.0;
						DevelopmentTeam = 7NKQU5L68L;
					};
				};
			};
			buildConfigurationList = DCDEAEBB1BC9594300970747 /* Build configuration list for PBXProject "DaddyAlphabet" */;
			compatibilityVersion = "Xcode 3.2";
			developmentRegion = English;
			hasScannedForEncodings = 0;
			knownRegions = (
				en,
				Base,
			);
			mainGroup = DCDEAEB71BC9594300970747;
			productRefGroup = DCDEAEC11BC9594300970747 /* Products */;
			projectDirPath = "";
			projectRoot = "";
			targets = (
				DCDEAEBF1BC9594300970747 /* DaddyAlphabet */,
			);
		};
/* End PBXProject section */

/* Begin PBXResourcesBuildPhase section */
		DCDEAEBE1BC9594300970747 /* Resources */ = {
			isa = PBXResourcesBuildPhase;
			buildActionMask = 2147483647;
			files = (
				285170AC1D4DAC5800619886 /* Zuchinni.jpeg in Resources */,
				2851709F1D4DAC5800619886 /* Mango.jpeg in Resources */,
				285170A41D4DAC5800619886 /* Honey.jpeg in Resources */,
				285170A11D4DAC5800619886 /* Kiwi.jpeg in Resources */,
				285170AD1D4DAC5800619886 /* Xmascake.jpeg in Resources */,
				2851709E1D4DAC5800619886 /* Nuts.jpeg in Resources */,
				2851709B1D4DAC5800619886 /* Quinoa.jpeg in Resources */,
				285170A91D4DAC5800619886 /* Cake.jpeg in Resources */,
				2851709D1D4DAC5800619886 /* Orange.jpeg in Resources */,
				DCDEAECB1BC9594300970747 /* Assets.xcassets in Resources */,
				285170AE1D4DAC5800619886 /* Watermellon.jpeg in Resources */,
				285170B11D4DAC5800619886 /* Tomato.jpeg in Resources */,
				2851709C1D4DAC5800619886 /* Pizza.jpeg in Resources */,
				285170A21D4DAC5800619886 /* Juice.jpeg in Resources */,
				285170AF1D4DAC5800619886 /* Vegetables.jpeg in Resources */,
				285170A81D4DAC5800619886 /* Donuts.jpeg in Resources */,
				285170B31D4DAC5800619886 /* Rice.jpeg in Resources */,
				DC616E841BCDDDD60093F441 /* Launch Screen.storyboard in Resources */,
				285170AB1D4DAC5800619886 /* Apple.jpeg in Resources */,
				285170A01D4DAC5800619886 /* Lemon.jpeg in Resources */,
				28882CCC1D4E983900E89A2D /* Yogurt.jpeg in Resources */,
				285170AA1D4DAC5800619886 /* Banana.jpeg in Resources */,
				285170B21D4DAC5800619886 /* Sandwitch.jpeg in Resources */,
				285170A31D4DAC5800619886 /* Icecream.jpeg in Resources */,
				285170A61D4DAC5800619886 /* Fruits.jpeg in Resources */,
				285170B01D4DAC5800619886 /* Utensils.jpeg in Resources */,
				DCDEAEC91BC9594300970747 /* Main.storyboard in Resources */,
				285170A51D4DAC5800619886 /* Grapes.jpeg in Resources */,
				285170A71D4DAC5800619886 /* Egg.jpeg in Resources */,
			);
			runOnlyForDeploymentPostprocessing = 0;
		};
/* End PBXResourcesBuildPhase section */

/* Begin PBXSourcesBuildPhase section */
		DCDEAEBC1BC9594300970747 /* Sources */ = {
			isa = PBXSourcesBuildPhase;
			buildActionMask = 2147483647;
			files = (
				28C8B46A1D3882A5006F4863 /* RecordAlphabet.swift in Sources */,
				DCDEAED61BC967C200970747 /* LeftViewController.swift in Sources */,
				DC5625C41BCAA01F00B73BED /* Alphabet.swift in Sources */,
				DCDEAED81BC967D900970747 /* RightViewController.swift in Sources */,
				DCDEAEC41BC9594300970747 /* AppDelegate.swift in Sources */,
			);
			runOnlyForDeploymentPostprocessing = 0;
		};
/* End PBXSourcesBuildPhase section */

/* Begin PBXVariantGroup section */
		DCDEAEC71BC9594300970747 /* Main.storyboard */ = {
			isa = PBXVariantGroup;
			children = (
				DCDEAEC81BC9594300970747 /* Base */,
			);
			name = Main.storyboard;
			sourceTree = "<group>";
		};
/* End PBXVariantGroup section */

/* Begin XCBuildConfiguration section */
		DCDEAED01BC9594300970747 /* Debug */ = {
			isa = XCBuildConfiguration;
			buildSettings = {
				ALWAYS_SEARCH_USER_PATHS = NO;
				CLANG_CXX_LANGUAGE_STANDARD = "gnu++0x";
				CLANG_CXX_LIBRARY = "libc++";
				CLANG_ENABLE_MODULES = YES;
				CLANG_ENABLE_OBJC_ARC = YES;
				CLANG_WARN_BOOL_CONVERSION = YES;
				CLANG_WARN_CONSTANT_CONVERSION = YES;
				CLANG_WARN_DIRECT_OBJC_ISA_USAGE = YES_ERROR;
				CLANG_WARN_EMPTY_BODY = YES;
				CLANG_WARN_ENUM_CONVERSION = YES;
				CLANG_WARN_INT_CONVERSION = YES;
				CLANG_WARN_OBJC_ROOT_CLASS = YES_ERROR;
				CLANG_WARN_UNREACHABLE_CODE = YES;
				CLANG_WARN__DUPLICATE_METHOD_MATCH = YES;
				"CODE_SIGN_IDENTITY[sdk=iphoneos*]" = "iPhone Developer";
				COPY_PHASE_STRIP = NO;
				DEBUG_INFORMATION_FORMAT = dwarf;
				ENABLE_STRICT_OBJC_MSGSEND = YES;
				ENABLE_TESTABILITY = YES;
				GCC_C_LANGUAGE_STANDARD = gnu99;
				GCC_DYNAMIC_NO_PIC = NO;
				GCC_NO_COMMON_BLOCKS = YES;
				GCC_OPTIMIZATION_LEVEL = 0;
				GCC_PREPROCESSOR_DEFINITIONS = (
					"DEBUG=1",
					"$(inherited)",
				);
				GCC_WARN_64_TO_32_BIT_CONVERSION = YES;
				GCC_WARN_ABOUT_RETURN_TYPE = YES_ERROR;
				GCC_WARN_UNDECLARED_SELECTOR = YES;
				GCC_WARN_UNINITIALIZED_AUTOS = YES_AGGRESSIVE;
				GCC_WARN_UNUSED_FUNCTION = YES;
				GCC_WARN_UNUSED_VARIABLE = YES;
				IPHONEOS_DEPLOYMENT_TARGET = 9.0;
				MTL_ENABLE_DEBUG_INFO = YES;
				ONLY_ACTIVE_ARCH = YES;
				SDKROOT = iphoneos;
				SWIFT_OPTIMIZATION_LEVEL = "-Onone";
			};
			name = Debug;
		};
		DCDEAED11BC9594300970747 /* Release */ = {
			isa = XCBuildConfiguration;
			buildSettings = {
				ALWAYS_SEARCH_USER_PATHS = NO;
				CLANG_CXX_LANGUAGE_STANDARD = "gnu++0x";
				CLANG_CXX_LIBRARY = "libc++";
				CLANG_ENABLE_MODULES = YES;
				CLANG_ENABLE_OBJC_ARC = YES;
				CLANG_WARN_BOOL_CONVERSION = YES;
				CLANG_WARN_CONSTANT_CONVERSION = YES;
				CLANG_WARN_DIRECT_OBJC_ISA_USAGE = YES_ERROR;
				CLANG_WARN_EMPTY_BODY = YES;
				CLANG_WARN_ENUM_CONVERSION = YES;
				CLANG_WARN_INT_CONVERSION = YES;
				CLANG_WARN_OBJC_ROOT_CLASS = YES_ERROR;
				CLANG_WARN_UNREACHABLE_CODE = YES;
				CLANG_WARN__DUPLICATE_METHOD_MATCH = YES;
				"CODE_SIGN_IDENTITY[sdk=iphoneos*]" = "iPhone Developer";
				COPY_PHASE_STRIP = NO;
				DEBUG_INFORMATION_FORMAT = "dwarf-with-dsym";
				ENABLE_NS_ASSERTIONS = NO;
				ENABLE_STRICT_OBJC_MSGSEND = YES;
				GCC_C_LANGUAGE_STANDARD = gnu99;
				GCC_NO_COMMON_BLOCKS = YES;
				GCC_WARN_64_TO_32_BIT_CONVERSION = YES;
				GCC_WARN_ABOUT_RETURN_TYPE = YES_ERROR;
				GCC_WARN_UNDECLARED_SELECTOR = YES;
				GCC_WARN_UNINITIALIZED_AUTOS = YES_AGGRESSIVE;
				GCC_WARN_UNUSED_FUNCTION = YES;
				GCC_WARN_UNUSED_VARIABLE = YES;
				IPHONEOS_DEPLOYMENT_TARGET = 9.0;
				MTL_ENABLE_DEBUG_INFO = NO;
				SDKROOT = iphoneos;
				VALIDATE_PRODUCT = YES;
			};
			name = Release;
		};
		DCDEAED31BC9594300970747 /* Debug */ = {
			isa = XCBuildConfiguration;
			buildSettings = {
				ASSETCATALOG_COMPILER_APPICON_NAME = AppIcon;
				CODE_SIGN_IDENTITY = "iPhone Developer";
				"CODE_SIGN_IDENTITY[sdk=iphoneos*]" = "iPhone Developer";
				INFOPLIST_FILE = DaddyAlphabet/Info.plist;
				LD_RUNPATH_SEARCH_PATHS = "$(inherited) @executable_path/Frameworks";
				PRODUCT_BUNDLE_IDENTIFIER = sureshsurelia.DaddyAlphabet;
				PRODUCT_NAME = "$(TARGET_NAME)";
				PROVISIONING_PROFILE = "";
				TARGETED_DEVICE_FAMILY = "1,2";
			};
			name = Debug;
		};
		DCDEAED41BC9594300970747 /* Release */ = {
			isa = XCBuildConfiguration;
			buildSettings = {
				ASSETCATALOG_COMPILER_APPICON_NAME = AppIcon;
				CODE_SIGN_IDENTITY = "iPhone Developer";
				"CODE_SIGN_IDENTITY[sdk=iphoneos*]" = "iPhone Developer";
				INFOPLIST_FILE = DaddyAlphabet/Info.plist;
				LD_RUNPATH_SEARCH_PATHS = "$(inherited) @executable_path/Frameworks";
				PRODUCT_BUNDLE_IDENTIFIER = sureshsurelia.DaddyAlphabet;
				PRODUCT_NAME = "$(TARGET_NAME)";
				PROVISIONING_PROFILE = "";
				TARGETED_DEVICE_FAMILY = "1,2";
			};
			name = Release;
		};
/* End XCBuildConfiguration section */

/* Begin XCConfigurationList section */
		DCDEAEBB1BC9594300970747 /* Build configuration list for PBXProject "DaddyAlphabet" */ = {
			isa = XCConfigurationList;
			buildConfigurations = (
				DCDEAED01BC9594300970747 /* Debug */,
				DCDEAED11BC9594300970747 /* Release */,
			);
			defaultConfigurationIsVisible = 0;
			defaultConfigurationName = Release;
		};
		DCDEAED21BC9594300970747 /* Build configuration list for PBXNativeTarget "DaddyAlphabet" */ = {
			isa = XCConfigurationList;
			buildConfigurations = (
				DCDEAED31BC9594300970747 /* Debug */,
				DCDEAED41BC9594300970747 /* Release */,
			);
			defaultConfigurationIsVisible = 0;
			defaultConfigurationName = Release;
		};
/* End XCConfigurationList section */
	};
	rootObject = DCDEAEB81BC9594300970747 /* Project object */;
}
