// !$*UTF8*$!
{
	archiveVersion = 1;
	classes = {
	};
	objectVersion = 46;
	objects = {

/* Begin PBXBuildFile section */
		DC1ACEF41C4305CC00E53C2C /* Donuts.jpeg in Resources */ = {isa = PBXBuildFile; fileRef = DC1ACEDA1C4305CC00E53C2C /* Donuts.jpeg */; };
		DC1ACEF51C4305CC00E53C2C /* Grapes.jpeg in Resources */ = {isa = PBXBuildFile; fileRef = DC1ACEDB1C4305CC00E53C2C /* Grapes.jpeg */; };
		DC1ACEF61C4305CC00E53C2C /* Nuts.jpeg in Resources */ = {isa = PBXBuildFile; fileRef = DC1ACEDC1C4305CC00E53C2C /* Nuts.jpeg */; };
		DC1ACEF71C4305CC00E53C2C /* Orange.jpeg in Resources */ = {isa = PBXBuildFile; fileRef = DC1ACEDD1C4305CC00E53C2C /* Orange.jpeg */; };
		DC1ACEF81C4305CC00E53C2C /* Zuchinni.jpeg in Resources */ = {isa = PBXBuildFile; fileRef = DC1ACEDE1C4305CC00E53C2C /* Zuchinni.jpeg */; };
		DC1ACEF91C4305CC00E53C2C /* Yogurt.jpeg in Resources */ = {isa = PBXBuildFile; fileRef = DC1ACEDF1C4305CC00E53C2C /* Yogurt.jpeg */; };
		DC1ACEFA1C4305CC00E53C2C /* Xmascake.jpeg in Resources */ = {isa = PBXBuildFile; fileRef = DC1ACEE01C4305CC00E53C2C /* Xmascake.jpeg */; };
		DC1ACEFB1C4305CC00E53C2C /* Watermellon.jpeg in Resources */ = {isa = PBXBuildFile; fileRef = DC1ACEE11C4305CC00E53C2C /* Watermellon.jpeg */; };
		DC1ACEFC1C4305CC00E53C2C /* Vegetables.jpeg in Resources */ = {isa = PBXBuildFile; fileRef = DC1ACEE21C4305CC00E53C2C /* Vegetables.jpeg */; };
		DC1ACEFD1C4305CC00E53C2C /* Utensils.jpeg in Resources */ = {isa = PBXBuildFile; fileRef = DC1ACEE31C4305CC00E53C2C /* Utensils.jpeg */; };
		DC1ACEFE1C4305CC00E53C2C /* Tomato.jpeg in Resources */ = {isa = PBXBuildFile; fileRef = DC1ACEE41C4305CC00E53C2C /* Tomato.jpeg */; };
		DC1ACEFF1C4305CC00E53C2C /* Sandwitch.jpeg in Resources */ = {isa = PBXBuildFile; fileRef = DC1ACEE51C4305CC00E53C2C /* Sandwitch.jpeg */; };
		DC1ACF001C4305CC00E53C2C /* Rice.jpeg in Resources */ = {isa = PBXBuildFile; fileRef = DC1ACEE61C4305CC00E53C2C /* Rice.jpeg */; };
		DC1ACF011C4305CC00E53C2C /* Quinoa.jpeg in Resources */ = {isa = PBXBuildFile; fileRef = DC1ACEE71C4305CC00E53C2C /* Quinoa.jpeg */; };
		DC1ACF021C4305CC00E53C2C /* Pizza.jpeg in Resources */ = {isa = PBXBuildFile; fileRef = DC1ACEE81C4305CC00E53C2C /* Pizza.jpeg */; };
		DC1ACF031C4305CC00E53C2C /* Milk.jpeg in Resources */ = {isa = PBXBuildFile; fileRef = DC1ACEE91C4305CC00E53C2C /* Milk.jpeg */; };
		DC1ACF041C4305CC00E53C2C /* Lemon.jpeg in Resources */ = {isa = PBXBuildFile; fileRef = DC1ACEEA1C4305CC00E53C2C /* Lemon.jpeg */; };
		DC1ACF051C4305CC00E53C2C /* Kiwi.jpeg in Resources */ = {isa = PBXBuildFile; fileRef = DC1ACEEB1C4305CC00E53C2C /* Kiwi.jpeg */; };
		DC1ACF061C4305CC00E53C2C /* Fruits.jpeg in Resources */ = {isa = PBXBuildFile; fileRef = DC1ACEEC1C4305CC00E53C2C /* Fruits.jpeg */; };
		DC1ACF071C4305CC00E53C2C /* Juice.jpeg in Resources */ = {isa = PBXBuildFile; fileRef = DC1ACEED1C4305CC00E53C2C /* Juice.jpeg */; };
		DC1ACF081C4305CC00E53C2C /* Icecream.jpeg in Resources */ = {isa = PBXBuildFile; fileRef = DC1ACEEE1C4305CC00E53C2C /* Icecream.jpeg */; };
		DC1ACF091C4305CC00E53C2C /* Honey.jpeg in Resources */ = {isa = PBXBuildFile; fileRef = DC1ACEEF1C4305CC00E53C2C /* Honey.jpeg */; };
		DC1ACF0A1C4305CC00E53C2C /* Egg.jpeg in Resources */ = {isa = PBXBuildFile; fileRef = DC1ACEF01C4305CC00E53C2C /* Egg.jpeg */; };
		DC1ACF0B1C4305CC00E53C2C /* Cake.jpeg in Resources */ = {isa = PBXBuildFile; fileRef = DC1ACEF11C4305CC00E53C2C /* Cake.jpeg */; };
		DC1ACF0C1C4305CC00E53C2C /* Banana.jpeg in Resources */ = {isa = PBXBuildFile; fileRef = DC1ACEF21C4305CC00E53C2C /* Banana.jpeg */; };
		DC1ACF0D1C4305CC00E53C2C /* Apple.jpeg in Resources */ = {isa = PBXBuildFile; fileRef = DC1ACEF31C4305CC00E53C2C /* Apple.jpeg */; };
		DC52DD681C4B648D0050BBF7 /* Zuchinni.m4a in Resources */ = {isa = PBXBuildFile; fileRef = DC52DD4E1C4B648D0050BBF7 /* Zuchinni.m4a */; };
		DC52DD691C4B648D0050BBF7 /* Yogurt.m4a in Resources */ = {isa = PBXBuildFile; fileRef = DC52DD4F1C4B648D0050BBF7 /* Yogurt.m4a */; };
		DC52DD6A1C4B648D0050BBF7 /* Xmascake.m4a in Resources */ = {isa = PBXBuildFile; fileRef = DC52DD501C4B648D0050BBF7 /* Xmascake.m4a */; };
		DC52DD6B1C4B648D0050BBF7 /* Watermellon.m4a in Resources */ = {isa = PBXBuildFile; fileRef = DC52DD511C4B648D0050BBF7 /* Watermellon.m4a */; };
		DC52DD6C1C4B648D0050BBF7 /* Vegetables.m4a in Resources */ = {isa = PBXBuildFile; fileRef = DC52DD521C4B648D0050BBF7 /* Vegetables.m4a */; };
		DC52DD6D1C4B648D0050BBF7 /* Utensils.m4a in Resources */ = {isa = PBXBuildFile; fileRef = DC52DD531C4B648D0050BBF7 /* Utensils.m4a */; };
		DC52DD6E1C4B648D0050BBF7 /* Tomato.m4a in Resources */ = {isa = PBXBuildFile; fileRef = DC52DD541C4B648D0050BBF7 /* Tomato.m4a */; };
		DC52DD6F1C4B648D0050BBF7 /* Sandwitch.m4a in Resources */ = {isa = PBXBuildFile; fileRef = DC52DD551C4B648D0050BBF7 /* Sandwitch.m4a */; };
		DC52DD701C4B648D0050BBF7 /* Rice.m4a in Resources */ = {isa = PBXBuildFile; fileRef = DC52DD561C4B648D0050BBF7 /* Rice.m4a */; };
		DC52DD711C4B648D0050BBF7 /* Quinoa.m4a in Resources */ = {isa = PBXBuildFile; fileRef = DC52DD571C4B648D0050BBF7 /* Quinoa.m4a */; };
		DC52DD721C4B648D0050BBF7 /* Pizza.m4a in Resources */ = {isa = PBXBuildFile; fileRef = DC52DD581C4B648D0050BBF7 /* Pizza.m4a */; };
		DC52DD731C4B648D0050BBF7 /* Orange.m4a in Resources */ = {isa = PBXBuildFile; fileRef = DC52DD591C4B648D0050BBF7 /* Orange.m4a */; };
		DC52DD741C4B648D0050BBF7 /* Nuts.m4a in Resources */ = {isa = PBXBuildFile; fileRef = DC52DD5A1C4B648D0050BBF7 /* Nuts.m4a */; };
		DC52DD751C4B648D0050BBF7 /* Milk.m4a in Resources */ = {isa = PBXBuildFile; fileRef = DC52DD5B1C4B648D0050BBF7 /* Milk.m4a */; };
		DC52DD761C4B648D0050BBF7 /* Lemon.m4a in Resources */ = {isa = PBXBuildFile; fileRef = DC52DD5C1C4B648D0050BBF7 /* Lemon.m4a */; };
		DC52DD771C4B648D0050BBF7 /* Kiwi.m4a in Resources */ = {isa = PBXBuildFile; fileRef = DC52DD5D1C4B648D0050BBF7 /* Kiwi.m4a */; };
		DC52DD781C4B648D0050BBF7 /* Juice.m4a in Resources */ = {isa = PBXBuildFile; fileRef = DC52DD5E1C4B648D0050BBF7 /* Juice.m4a */; };
		DC52DD791C4B648D0050BBF7 /* Icecream.m4a in Resources */ = {isa = PBXBuildFile; fileRef = DC52DD5F1C4B648D0050BBF7 /* Icecream.m4a */; };
		DC52DD7A1C4B648D0050BBF7 /* Honey.m4a in Resources */ = {isa = PBXBuildFile; fileRef = DC52DD601C4B648D0050BBF7 /* Honey.m4a */; };
		DC52DD7B1C4B648D0050BBF7 /* Grapes.m4a in Resources */ = {isa = PBXBuildFile; fileRef = DC52DD611C4B648D0050BBF7 /* Grapes.m4a */; };
		DC52DD7C1C4B648D0050BBF7 /* Fruits.m4a in Resources */ = {isa = PBXBuildFile; fileRef = DC52DD621C4B648D0050BBF7 /* Fruits.m4a */; };
		DC52DD7D1C4B648D0050BBF7 /* Egg.m4a in Resources */ = {isa = PBXBuildFile; fileRef = DC52DD631C4B648D0050BBF7 /* Egg.m4a */; };
		DC52DD7E1C4B648D0050BBF7 /* Donuts.m4a in Resources */ = {isa = PBXBuildFile; fileRef = DC52DD641C4B648D0050BBF7 /* Donuts.m4a */; };
		DC52DD7F1C4B648D0050BBF7 /* Cake.m4a in Resources */ = {isa = PBXBuildFile; fileRef = DC52DD651C4B648D0050BBF7 /* Cake.m4a */; };
		DC52DD801C4B648D0050BBF7 /* Banana.m4a in Resources */ = {isa = PBXBuildFile; fileRef = DC52DD661C4B648D0050BBF7 /* Banana.m4a */; };
		DC52DD811C4B648D0050BBF7 /* Apple.m4a in Resources */ = {isa = PBXBuildFile; fileRef = DC52DD671C4B648D0050BBF7 /* Apple.m4a */; };
		DC5625C41BCAA01F00B73BED /* Alphabet.swift in Sources */ = {isa = PBXBuildFile; fileRef = DC5625C31BCAA01F00B73BED /* Alphabet.swift */; };
		DC616E841BCDDDD60093F441 /* Launch Screen.storyboard in Resources */ = {isa = PBXBuildFile; fileRef = DC616E831BCDDDD60093F441 /* Launch Screen.storyboard */; };
		DCDEAEC41BC9594300970747 /* AppDelegate.swift in Sources */ = {isa = PBXBuildFile; fileRef = DCDEAEC31BC9594300970747 /* AppDelegate.swift */; };
		DCDEAEC91BC9594300970747 /* Main.storyboard in Resources */ = {isa = PBXBuildFile; fileRef = DCDEAEC71BC9594300970747 /* Main.storyboard */; };
		DCDEAECB1BC9594300970747 /* Assets.xcassets in Resources */ = {isa = PBXBuildFile; fileRef = DCDEAECA1BC9594300970747 /* Assets.xcassets */; };
		DCDEAED61BC967C200970747 /* LeftViewController.swift in Sources */ = {isa = PBXBuildFile; fileRef = DCDEAED51BC967C200970747 /* LeftViewController.swift */; };
		DCDEAED81BC967D900970747 /* RightViewController.swift in Sources */ = {isa = PBXBuildFile; fileRef = DCDEAED71BC967D900970747 /* RightViewController.swift */; };
/* End PBXBuildFile section */

/* Begin PBXFileReference section */
		DC1ACEDA1C4305CC00E53C2C /* Donuts.jpeg */ = {isa = PBXFileReference; lastKnownFileType = image.jpeg; name = Donuts.jpeg; path = ../../../../Downloads/Donuts.jpeg; sourceTree = "<group>"; };
		DC1ACEDB1C4305CC00E53C2C /* Grapes.jpeg */ = {isa = PBXFileReference; lastKnownFileType = image.jpeg; name = Grapes.jpeg; path = ../../../../Downloads/Grapes.jpeg; sourceTree = "<group>"; };
		DC1ACEDC1C4305CC00E53C2C /* Nuts.jpeg */ = {isa = PBXFileReference; lastKnownFileType = image.jpeg; name = Nuts.jpeg; path = ../../../../Downloads/Nuts.jpeg; sourceTree = "<group>"; };
		DC1ACEDD1C4305CC00E53C2C /* Orange.jpeg */ = {isa = PBXFileReference; lastKnownFileType = image.jpeg; name = Orange.jpeg; path = ../../../../Downloads/Orange.jpeg; sourceTree = "<group>"; };
		DC1ACEDE1C4305CC00E53C2C /* Zuchinni.jpeg */ = {isa = PBXFileReference; lastKnownFileType = image.jpeg; name = Zuchinni.jpeg; path = ../../../../Downloads/Zuchinni.jpeg; sourceTree = "<group>"; };
		DC1ACEDF1C4305CC00E53C2C /* Yogurt.jpeg */ = {isa = PBXFileReference; lastKnownFileType = image.jpeg; name = Yogurt.jpeg; path = ../../../../Downloads/Yogurt.jpeg; sourceTree = "<group>"; };
		DC1ACEE01C4305CC00E53C2C /* Xmascake.jpeg */ = {isa = PBXFileReference; lastKnownFileType = image.jpeg; name = Xmascake.jpeg; path = ../../../../Downloads/Xmascake.jpeg; sourceTree = "<group>"; };
		DC1ACEE11C4305CC00E53C2C /* Watermellon.jpeg */ = {isa = PBXFileReference; lastKnownFileType = image.jpeg; name = Watermellon.jpeg; path = ../../../../Downloads/Watermellon.jpeg; sourceTree = "<group>"; };
		DC1ACEE21C4305CC00E53C2C /* Vegetables.jpeg */ = {isa = PBXFileReference; lastKnownFileType = image.jpeg; name = Vegetables.jpeg; path = ../../../../Downloads/Vegetables.jpeg; sourceTree = "<group>"; };
		DC1ACEE31C4305CC00E53C2C /* Utensils.jpeg */ = {isa = PBXFileReference; lastKnownFileType = image.jpeg; name = Utensils.jpeg; path = ../../../../Downloads/Utensils.jpeg; sourceTree = "<group>"; };
		DC1ACEE41C4305CC00E53C2C /* Tomato.jpeg */ = {isa = PBXFileReference; lastKnownFileType = image.jpeg; name = Tomato.jpeg; path = ../../../../Downloads/Tomato.jpeg; sourceTree = "<group>"; };
		DC1ACEE51C4305CC00E53C2C /* Sandwitch.jpeg */ = {isa = PBXFileReference; lastKnownFileType = image.jpeg; name = Sandwitch.jpeg; path = ../../../../Downloads/Sandwitch.jpeg; sourceTree = "<group>"; };
		DC1ACEE61C4305CC00E53C2C /* Rice.jpeg */ = {isa = PBXFileReference; lastKnownFileType = image.jpeg; name = Rice.jpeg; path = ../../../../Downloads/Rice.jpeg; sourceTree = "<group>"; };
		DC1ACEE71C4305CC00E53C2C /* Quinoa.jpeg */ = {isa = PBXFileReference; lastKnownFileType = image.jpeg; name = Quinoa.jpeg; path = ../../../../Downloads/Quinoa.jpeg; sourceTree = "<group>"; };
		DC1ACEE81C4305CC00E53C2C /* Pizza.jpeg */ = {isa = PBXFileReference; lastKnownFileType = image.jpeg; name = Pizza.jpeg; path = ../../../../Downloads/Pizza.jpeg; sourceTree = "<group>"; };
		DC1ACEE91C4305CC00E53C2C /* Milk.jpeg */ = {isa = PBXFileReference; lastKnownFileType = image.jpeg; name = Milk.jpeg; path = ../../../../Downloads/Milk.jpeg; sourceTree = "<group>"; };
		DC1ACEEA1C4305CC00E53C2C /* Lemon.jpeg */ = {isa = PBXFileReference; lastKnownFileType = image.jpeg; name = Lemon.jpeg; path = ../../../../Downloads/Lemon.jpeg; sourceTree = "<group>"; };
		DC1ACEEB1C4305CC00E53C2C /* Kiwi.jpeg */ = {isa = PBXFileReference; lastKnownFileType = image.jpeg; name = Kiwi.jpeg; path = ../../../../Downloads/Kiwi.jpeg; sourceTree = "<group>"; };
		DC1ACEEC1C4305CC00E53C2C /* Fruits.jpeg */ = {isa = PBXFileReference; lastKnownFileType = image.jpeg; name = Fruits.jpeg; path = ../../../../Downloads/Fruits.jpeg; sourceTree = "<group>"; };
		DC1ACEED1C4305CC00E53C2C /* Juice.jpeg */ = {isa = PBXFileReference; lastKnownFileType = image.jpeg; name = Juice.jpeg; path = ../../../../Downloads/Juice.jpeg; sourceTree = "<group>"; };
		DC1ACEEE1C4305CC00E53C2C /* Icecream.jpeg */ = {isa = PBXFileReference; lastKnownFileType = image.jpeg; name = Icecream.jpeg; path = ../../../../Downloads/Icecream.jpeg; sourceTree = "<group>"; };
		DC1ACEEF1C4305CC00E53C2C /* Honey.jpeg */ = {isa = PBXFileReference; lastKnownFileType = image.jpeg; name = Honey.jpeg; path = ../../../../Downloads/Honey.jpeg; sourceTree = "<group>"; };
		DC1ACEF01C4305CC00E53C2C /* Egg.jpeg */ = {isa = PBXFileReference; lastKnownFileType = image.jpeg; name = Egg.jpeg; path = ../../../../Downloads/Egg.jpeg; sourceTree = "<group>"; };
		DC1ACEF11C4305CC00E53C2C /* Cake.jpeg */ = {isa = PBXFileReference; lastKnownFileType = image.jpeg; name = Cake.jpeg; path = ../../../../Downloads/Cake.jpeg; sourceTree = "<group>"; };
		DC1ACEF21C4305CC00E53C2C /* Banana.jpeg */ = {isa = PBXFileReference; lastKnownFileType = image.jpeg; name = Banana.jpeg; path = ../../../../Downloads/Banana.jpeg; sourceTree = "<group>"; };
		DC1ACEF31C4305CC00E53C2C /* Apple.jpeg */ = {isa = PBXFileReference; lastKnownFileType = image.jpeg; name = Apple.jpeg; path = ../../../../Downloads/Apple.jpeg; sourceTree = "<group>"; };
		DC52DD4E1C4B648D0050BBF7 /* Zuchinni.m4a */ = {isa = PBXFileReference; lastKnownFileType = file; name = Zuchinni.m4a; path = /Users/Sappy/Desktop/DaddyDoodle/DaddyAlphabet/Zuchinni.m4a; sourceTree = "<absolute>"; };
		DC52DD4F1C4B648D0050BBF7 /* Yogurt.m4a */ = {isa = PBXFileReference; lastKnownFileType = file; name = Yogurt.m4a; path = /Users/Sappy/Desktop/DaddyDoodle/DaddyAlphabet/Yogurt.m4a; sourceTree = "<absolute>"; };
		DC52DD501C4B648D0050BBF7 /* Xmascake.m4a */ = {isa = PBXFileReference; lastKnownFileType = file; name = Xmascake.m4a; path = /Users/Sappy/Desktop/DaddyDoodle/DaddyAlphabet/Xmascake.m4a; sourceTree = "<absolute>"; };
		DC52DD511C4B648D0050BBF7 /* Watermellon.m4a */ = {isa = PBXFileReference; lastKnownFileType = file; name = Watermellon.m4a; path = /Users/Sappy/Desktop/DaddyDoodle/DaddyAlphabet/Watermellon.m4a; sourceTree = "<absolute>"; };
		DC52DD521C4B648D0050BBF7 /* Vegetables.m4a */ = {isa = PBXFileReference; lastKnownFileType = file; name = Vegetables.m4a; path = /Users/Sappy/Desktop/DaddyDoodle/DaddyAlphabet/Vegetables.m4a; sourceTree = "<absolute>"; };
		DC52DD531C4B648D0050BBF7 /* Utensils.m4a */ = {isa = PBXFileReference; lastKnownFileType = file; name = Utensils.m4a; path = /Users/Sappy/Desktop/DaddyDoodle/DaddyAlphabet/Utensils.m4a; sourceTree = "<absolute>"; };
		DC52DD541C4B648D0050BBF7 /* Tomato.m4a */ = {isa = PBXFileReference; lastKnownFileType = file; name = Tomato.m4a; path = /Users/Sappy/Desktop/DaddyDoodle/DaddyAlphabet/Tomato.m4a; sourceTree = "<absolute>"; };
		DC52DD551C4B648D0050BBF7 /* Sandwitch.m4a */ = {isa = PBXFileReference; lastKnownFileType = file; name = Sandwitch.m4a; path = /Users/Sappy/Desktop/DaddyDoodle/DaddyAlphabet/Sandwitch.m4a; sourceTree = "<absolute>"; };
		DC52DD561C4B648D0050BBF7 /* Rice.m4a */ = {isa = PBXFileReference; lastKnownFileType = file; name = Rice.m4a; path = /Users/Sappy/Desktop/DaddyDoodle/DaddyAlphabet/Rice.m4a; sourceTree = "<absolute>"; };
		DC52DD571C4B648D0050BBF7 /* Quinoa.m4a */ = {isa = PBXFileReference; lastKnownFileType = file; name = Quinoa.m4a; path = /Users/Sappy/Desktop/DaddyDoodle/DaddyAlphabet/Quinoa.m4a; sourceTree = "<absolute>"; };
		DC52DD581C4B648D0050BBF7 /* Pizza.m4a */ = {isa = PBXFileReference; lastKnownFileType = file; name = Pizza.m4a; path = /Users/Sappy/Desktop/DaddyDoodle/DaddyAlphabet/Pizza.m4a; sourceTree = "<absolute>"; };
		DC52DD591C4B648D0050BBF7 /* Orange.m4a */ = {isa = PBXFileReference; lastKnownFileType = file; name = Orange.m4a; path = /Users/Sappy/Desktop/DaddyDoodle/DaddyAlphabet/Orange.m4a; sourceTree = "<absolute>"; };
		DC52DD5A1C4B648D0050BBF7 /* Nuts.m4a */ = {isa = PBXFileReference; lastKnownFileType = file; name = Nuts.m4a; path = /Users/Sappy/Desktop/DaddyDoodle/DaddyAlphabet/Nuts.m4a; sourceTree = "<absolute>"; };
		DC52DD5B1C4B648D0050BBF7 /* Milk.m4a */ = {isa = PBXFileReference; lastKnownFileType = file; name = Milk.m4a; path = /Users/Sappy/Desktop/DaddyDoodle/DaddyAlphabet/Milk.m4a; sourceTree = "<absolute>"; };
		DC52DD5C1C4B648D0050BBF7 /* Lemon.m4a */ = {isa = PBXFileReference; lastKnownFileType = file; name = Lemon.m4a; path = /Users/Sappy/Desktop/DaddyDoodle/DaddyAlphabet/Lemon.m4a; sourceTree = "<absolute>"; };
		DC52DD5D1C4B648D0050BBF7 /* Kiwi.m4a */ = {isa = PBXFileReference; lastKnownFileType = file; name = Kiwi.m4a; path = /Users/Sappy/Desktop/DaddyDoodle/DaddyAlphabet/Kiwi.m4a; sourceTree = "<absolute>"; };
		DC52DD5E1C4B648D0050BBF7 /* Juice.m4a */ = {isa = PBXFileReference; lastKnownFileType = file; name = Juice.m4a; path = /Users/Sappy/Desktop/DaddyDoodle/DaddyAlphabet/Juice.m4a; sourceTree = "<absolute>"; };
		DC52DD5F1C4B648D0050BBF7 /* Icecream.m4a */ = {isa = PBXFileReference; lastKnownFileType = file; name = Icecream.m4a; path = /Users/Sappy/Desktop/DaddyDoodle/DaddyAlphabet/Icecream.m4a; sourceTree = "<absolute>"; };
		DC52DD601C4B648D0050BBF7 /* Honey.m4a */ = {isa = PBXFileReference; lastKnownFileType = file; name = Honey.m4a; path = /Users/Sappy/Desktop/DaddyDoodle/DaddyAlphabet/Honey.m4a; sourceTree = "<absolute>"; };
		DC52DD611C4B648D0050BBF7 /* Grapes.m4a */ = {isa = PBXFileReference; lastKnownFileType = file; name = Grapes.m4a; path = /Users/Sappy/Desktop/DaddyDoodle/DaddyAlphabet/Grapes.m4a; sourceTree = "<absolute>"; };
		DC52DD621C4B648D0050BBF7 /* Fruits.m4a */ = {isa = PBXFileReference; lastKnownFileType = file; name = Fruits.m4a; path = /Users/Sappy/Desktop/DaddyDoodle/DaddyAlphabet/Fruits.m4a; sourceTree = "<absolute>"; };
		DC52DD631C4B648D0050BBF7 /* Egg.m4a */ = {isa = PBXFileReference; lastKnownFileType = file; name = Egg.m4a; path = /Users/Sappy/Desktop/DaddyDoodle/DaddyAlphabet/Egg.m4a; sourceTree = "<absolute>"; };
		DC52DD641C4B648D0050BBF7 /* Donuts.m4a */ = {isa = PBXFileReference; lastKnownFileType = file; name = Donuts.m4a; path = /Users/Sappy/Desktop/DaddyDoodle/DaddyAlphabet/Donuts.m4a; sourceTree = "<absolute>"; };
		DC52DD651C4B648D0050BBF7 /* Cake.m4a */ = {isa = PBXFileReference; lastKnownFileType = file; name = Cake.m4a; path = /Users/Sappy/Desktop/DaddyDoodle/DaddyAlphabet/Cake.m4a; sourceTree = "<absolute>"; };
		DC52DD661C4B648D0050BBF7 /* Banana.m4a */ = {isa = PBXFileReference; lastKnownFileType = file; name = Banana.m4a; path = /Users/Sappy/Desktop/DaddyDoodle/DaddyAlphabet/Banana.m4a; sourceTree = "<absolute>"; };
		DC52DD671C4B648D0050BBF7 /* Apple.m4a */ = {isa = PBXFileReference; lastKnownFileType = file; name = Apple.m4a; path = /Users/Sappy/Desktop/DaddyDoodle/DaddyAlphabet/Apple.m4a; sourceTree = "<absolute>"; };
		DC5625C31BCAA01F00B73BED /* Alphabet.swift */ = {isa = PBXFileReference; fileEncoding = 4; lastKnownFileType = sourcecode.swift; path = Alphabet.swift; sourceTree = "<group>"; };
		DC616E831BCDDDD60093F441 /* Launch Screen.storyboard */ = {isa = PBXFileReference; fileEncoding = 4; lastKnownFileType = file.storyboard; path = "Launch Screen.storyboard"; sourceTree = "<group>"; };
		DCDEAEC01BC9594300970747 /* DaddyAlphabet.app */ = {isa = PBXFileReference; explicitFileType = wrapper.application; includeInIndex = 0; path = DaddyAlphabet.app; sourceTree = BUILT_PRODUCTS_DIR; };
		DCDEAEC31BC9594300970747 /* AppDelegate.swift */ = {isa = PBXFileReference; lastKnownFileType = sourcecode.swift; path = AppDelegate.swift; sourceTree = "<group>"; };
		DCDEAEC81BC9594300970747 /* Base */ = {isa = PBXFileReference; lastKnownFileType = file.storyboard; name = Base; path = Base.lproj/Main.storyboard; sourceTree = "<group>"; };
		DCDEAECA1BC9594300970747 /* Assets.xcassets */ = {isa = PBXFileReference; lastKnownFileType = folder.assetcatalog; path = Assets.xcassets; sourceTree = "<group>"; };
		DCDEAECF1BC9594300970747 /* Info.plist */ = {isa = PBXFileReference; lastKnownFileType = text.plist.xml; path = Info.plist; sourceTree = "<group>"; };
		DCDEAED51BC967C200970747 /* LeftViewController.swift */ = {isa = PBXFileReference; fileEncoding = 4; lastKnownFileType = sourcecode.swift; path = LeftViewController.swift; sourceTree = "<group>"; };
		DCDEAED71BC967D900970747 /* RightViewController.swift */ = {isa = PBXFileReference; fileEncoding = 4; lastKnownFileType = sourcecode.swift; path = RightViewController.swift; sourceTree = "<group>"; };
/* End PBXFileReference section */

/* Begin PBXFrameworksBuildPhase section */
		DCDEAEBD1BC9594300970747 /* Frameworks */ = {
			isa = PBXFrameworksBuildPhase;
			buildActionMask = 2147483647;
			files = (
			);
			runOnlyForDeploymentPostprocessing = 0;
		};
/* End PBXFrameworksBuildPhase section */

/* Begin PBXGroup section */
		DC1ACF0E1C43061100E53C2C /* SupportingImageFiles */ = {
			isa = PBXGroup;
			children = (
				DC1ACEDA1C4305CC00E53C2C /* Donuts.jpeg */,
				DC1ACEDB1C4305CC00E53C2C /* Grapes.jpeg */,
				DC1ACEDC1C4305CC00E53C2C /* Nuts.jpeg */,
				DC1ACEDD1C4305CC00E53C2C /* Orange.jpeg */,
				DC1ACEDE1C4305CC00E53C2C /* Zuchinni.jpeg */,
				DC1ACEDF1C4305CC00E53C2C /* Yogurt.jpeg */,
				DC1ACEE01C4305CC00E53C2C /* Xmascake.jpeg */,
				DC1ACEE11C4305CC00E53C2C /* Watermellon.jpeg */,
				DC1ACEE21C4305CC00E53C2C /* Vegetables.jpeg */,
				DC1ACEE31C4305CC00E53C2C /* Utensils.jpeg */,
				DC1ACEE41C4305CC00E53C2C /* Tomato.jpeg */,
				DC1ACEE51C4305CC00E53C2C /* Sandwitch.jpeg */,
				DC1ACEE61C4305CC00E53C2C /* Rice.jpeg */,
				DC1ACEE71C4305CC00E53C2C /* Quinoa.jpeg */,
				DC1ACEE81C4305CC00E53C2C /* Pizza.jpeg */,
				DC1ACEE91C4305CC00E53C2C /* Milk.jpeg */,
				DC1ACEEA1C4305CC00E53C2C /* Lemon.jpeg */,
				DC1ACEEB1C4305CC00E53C2C /* Kiwi.jpeg */,
				DC1ACEEC1C4305CC00E53C2C /* Fruits.jpeg */,
				DC1ACEED1C4305CC00E53C2C /* Juice.jpeg */,
				DC1ACEEE1C4305CC00E53C2C /* Icecream.jpeg */,
				DC1ACEEF1C4305CC00E53C2C /* Honey.jpeg */,
				DC1ACEF01C4305CC00E53C2C /* Egg.jpeg */,
				DC1ACEF11C4305CC00E53C2C /* Cake.jpeg */,
				DC1ACEF21C4305CC00E53C2C /* Banana.jpeg */,
				DC1ACEF31C4305CC00E53C2C /* Apple.jpeg */,
			);
			name = SupportingImageFiles;
			sourceTree = "<group>";
		};
		DC52DD4D1C4B64060050BBF7 /* SupportingAudioFiles */ = {
			isa = PBXGroup;
			children = (
				DC52DD4E1C4B648D0050BBF7 /* Zuchinni.m4a */,
				DC52DD4F1C4B648D0050BBF7 /* Yogurt.m4a */,
				DC52DD501C4B648D0050BBF7 /* Xmascake.m4a */,
				DC52DD511C4B648D0050BBF7 /* Watermellon.m4a */,
				DC52DD521C4B648D0050BBF7 /* Vegetables.m4a */,
				DC52DD531C4B648D0050BBF7 /* Utensils.m4a */,
				DC52DD541C4B648D0050BBF7 /* Tomato.m4a */,
				DC52DD551C4B648D0050BBF7 /* Sandwitch.m4a */,
				DC52DD561C4B648D0050BBF7 /* Rice.m4a */,
				DC52DD571C4B648D0050BBF7 /* Quinoa.m4a */,
				DC52DD581C4B648D0050BBF7 /* Pizza.m4a */,
				DC52DD591C4B648D0050BBF7 /* Orange.m4a */,
				DC52DD5A1C4B648D0050BBF7 /* Nuts.m4a */,
				DC52DD5B1C4B648D0050BBF7 /* Milk.m4a */,
				DC52DD5C1C4B648D0050BBF7 /* Lemon.m4a */,
				DC52DD5D1C4B648D0050BBF7 /* Kiwi.m4a */,
				DC52DD5E1C4B648D0050BBF7 /* Juice.m4a */,
				DC52DD5F1C4B648D0050BBF7 /* Icecream.m4a */,
				DC52DD601C4B648D0050BBF7 /* Honey.m4a */,
				DC52DD611C4B648D0050BBF7 /* Grapes.m4a */,
				DC52DD621C4B648D0050BBF7 /* Fruits.m4a */,
				DC52DD631C4B648D0050BBF7 /* Egg.m4a */,
				DC52DD641C4B648D0050BBF7 /* Donuts.m4a */,
				DC52DD651C4B648D0050BBF7 /* Cake.m4a */,
				DC52DD661C4B648D0050BBF7 /* Banana.m4a */,
				DC52DD671C4B648D0050BBF7 /* Apple.m4a */,
			);
			name = SupportingAudioFiles;
			sourceTree = "<group>";
		};
		DCDEAEB71BC9594300970747 = {
			isa = PBXGroup;
			children = (
				DCDEAEC21BC9594300970747 /* DaddyAlphabet */,
				DCDEAEC11BC9594300970747 /* Products */,
			);
			sourceTree = "<group>";
		};
		DCDEAEC11BC9594300970747 /* Products */ = {
			isa = PBXGroup;
			children = (
				DCDEAEC01BC9594300970747 /* DaddyAlphabet.app */,
			);
			name = Products;
			sourceTree = "<group>";
		};
		DCDEAEC21BC9594300970747 /* DaddyAlphabet */ = {
			isa = PBXGroup;
			children = (
				DC52DD4D1C4B64060050BBF7 /* SupportingAudioFiles */,
				DC1ACF0E1C43061100E53C2C /* SupportingImageFiles */,
				DCDEAEC31BC9594300970747 /* AppDelegate.swift */,
				DCDEAEC71BC9594300970747 /* Main.storyboard */,
				DCDEAECA1BC9594300970747 /* Assets.xcassets */,
				DCDEAECF1BC9594300970747 /* Info.plist */,
				DCDEAED51BC967C200970747 /* LeftViewController.swift */,
				DCDEAED71BC967D900970747 /* RightViewController.swift */,
				DC5625C31BCAA01F00B73BED /* Alphabet.swift */,
				DC616E831BCDDDD60093F441 /* Launch Screen.storyboard */,
			);
			path = DaddyAlphabet;
			sourceTree = "<group>";
		};
/* End PBXGroup section */

/* Begin PBXNativeTarget section */
		DCDEAEBF1BC9594300970747 /* DaddyAlphabet */ = {
			isa = PBXNativeTarget;
			buildConfigurationList = DCDEAED21BC9594300970747 /* Build configuration list for PBXNativeTarget "DaddyAlphabet" */;
			buildPhases = (
				DCDEAEBC1BC9594300970747 /* Sources */,
				DCDEAEBD1BC9594300970747 /* Frameworks */,
				DCDEAEBE1BC9594300970747 /* Resources */,
			);
			buildRules = (
			);
			dependencies = (
			);
			name = DaddyAlphabet;
			productName = DaddyAlphabet;
			productReference = DCDEAEC01BC9594300970747 /* DaddyAlphabet.app */;
			productType = "com.apple.product-type.application";
		};
/* End PBXNativeTarget section */

/* Begin PBXProject section */
		DCDEAEB81BC9594300970747 /* Project object */ = {
			isa = PBXProject;
			attributes = {
				LastUpgradeCheck = 0700;
				ORGANIZATIONNAME = "Suresh Surelia";
				TargetAttributes = {
					DCDEAEBF1BC9594300970747 = {
						CreatedOnToolsVersion = 7.0;
						DevelopmentTeam = 7NKQU5L68L;
					};
				};
			};
			buildConfigurationList = DCDEAEBB1BC9594300970747 /* Build configuration list for PBXProject "DaddyAlphabet" */;
			compatibilityVersion = "Xcode 3.2";
			developmentRegion = English;
			hasScannedForEncodings = 0;
			knownRegions = (
				en,
				Base,
			);
			mainGroup = DCDEAEB71BC9594300970747;
			productRefGroup = DCDEAEC11BC9594300970747 /* Products */;
			projectDirPath = "";
			projectRoot = "";
			targets = (
				DCDEAEBF1BC9594300970747 /* DaddyAlphabet */,
			);
		};
/* End PBXProject section */

/* Begin PBXResourcesBuildPhase section */
		DCDEAEBE1BC9594300970747 /* Resources */ = {
			isa = PBXResourcesBuildPhase;
			buildActionMask = 2147483647;
			files = (
				DC52DD6D1C4B648D0050BBF7 /* Utensils.m4a in Resources */,
				DC52DD801C4B648D0050BBF7 /* Banana.m4a in Resources */,
				DC1ACEF71C4305CC00E53C2C /* Orange.jpeg in Resources */,
				DC1ACF0D1C4305CC00E53C2C /* Apple.jpeg in Resources */,
				DC1ACEF51C4305CC00E53C2C /* Grapes.jpeg in Resources */,
				DC52DD7B1C4B648D0050BBF7 /* Grapes.m4a in Resources */,
				DC52DD751C4B648D0050BBF7 /* Milk.m4a in Resources */,
				DC1ACEFA1C4305CC00E53C2C /* Xmascake.jpeg in Resources */,
				DC1ACF0B1C4305CC00E53C2C /* Cake.jpeg in Resources */,
				DC1ACF011C4305CC00E53C2C /* Quinoa.jpeg in Resources */,
				DC52DD811C4B648D0050BBF7 /* Apple.m4a in Resources */,
				DC52DD7F1C4B648D0050BBF7 /* Cake.m4a in Resources */,
				DC1ACEF81C4305CC00E53C2C /* Zuchinni.jpeg in Resources */,
				DC52DD741C4B648D0050BBF7 /* Nuts.m4a in Resources */,
				DC1ACEFF1C4305CC00E53C2C /* Sandwitch.jpeg in Resources */,
				DC52DD681C4B648D0050BBF7 /* Zuchinni.m4a in Resources */,
				DC52DD761C4B648D0050BBF7 /* Lemon.m4a in Resources */,
				DC52DD6A1C4B648D0050BBF7 /* Xmascake.m4a in Resources */,
				DC1ACF091C4305CC00E53C2C /* Honey.jpeg in Resources */,
				DC1ACF031C4305CC00E53C2C /* Milk.jpeg in Resources */,
				DC52DD731C4B648D0050BBF7 /* Orange.m4a in Resources */,
				DC1ACF061C4305CC00E53C2C /* Fruits.jpeg in Resources */,
				DC52DD7E1C4B648D0050BBF7 /* Donuts.m4a in Resources */,
				DC52DD6E1C4B648D0050BBF7 /* Tomato.m4a in Resources */,
				DC52DD721C4B648D0050BBF7 /* Pizza.m4a in Resources */,
				DC1ACF081C4305CC00E53C2C /* Icecream.jpeg in Resources */,
				DC1ACF001C4305CC00E53C2C /* Rice.jpeg in Resources */,
				DCDEAECB1BC9594300970747 /* Assets.xcassets in Resources */,
				DC52DD6F1C4B648D0050BBF7 /* Sandwitch.m4a in Resources */,
				DC52DD6C1C4B648D0050BBF7 /* Vegetables.m4a in Resources */,
				DC52DD7C1C4B648D0050BBF7 /* Fruits.m4a in Resources */,
				DC1ACEFB1C4305CC00E53C2C /* Watermellon.jpeg in Resources */,
				DC616E841BCDDDD60093F441 /* Launch Screen.storyboard in Resources */,
				DC52DD691C4B648D0050BBF7 /* Yogurt.m4a in Resources */,
				DC52DD701C4B648D0050BBF7 /* Rice.m4a in Resources */,
				DC1ACEFE1C4305CC00E53C2C /* Tomato.jpeg in Resources */,
				DC1ACF0C1C4305CC00E53C2C /* Banana.jpeg in Resources */,
				DC1ACEF41C4305CC00E53C2C /* Donuts.jpeg in Resources */,
				DC1ACF0A1C4305CC00E53C2C /* Egg.jpeg in Resources */,
				DC52DD7D1C4B648D0050BBF7 /* Egg.m4a in Resources */,
				DC1ACEF61C4305CC00E53C2C /* Nuts.jpeg in Resources */,
				DC1ACF051C4305CC00E53C2C /* Kiwi.jpeg in Resources */,
				DC1ACEFC1C4305CC00E53C2C /* Vegetables.jpeg in Resources */,
				DC52DD711C4B648D0050BBF7 /* Quinoa.m4a in Resources */,
				DC52DD791C4B648D0050BBF7 /* Icecream.m4a in Resources */,
				DC1ACF041C4305CC00E53C2C /* Lemon.jpeg in Resources */,
				DC1ACEF91C4305CC00E53C2C /* Yogurt.jpeg in Resources */,
				DC52DD6B1C4B648D0050BBF7 /* Watermellon.m4a in Resources */,
				DC1ACF021C4305CC00E53C2C /* Pizza.jpeg in Resources */,
				DC1ACEFD1C4305CC00E53C2C /* Utensils.jpeg in Resources */,
				DCDEAEC91BC9594300970747 /* Main.storyboard in Resources */,
				DC52DD7A1C4B648D0050BBF7 /* Honey.m4a in Resources */,
				DC52DD781C4B648D0050BBF7 /* Juice.m4a in Resources */,
				DC1ACF071C4305CC00E53C2C /* Juice.jpeg in Resources */,
				DC52DD771C4B648D0050BBF7 /* Kiwi.m4a in Resources */,
			);
			runOnlyForDeploymentPostprocessing = 0;
		};
/* End PBXResourcesBuildPhase section */

/* Begin PBXSourcesBuildPhase section */
		DCDEAEBC1BC9594300970747 /* Sources */ = {
			isa = PBXSourcesBuildPhase;
			buildActionMask = 2147483647;
			files = (
				DCDEAED61BC967C200970747 /* LeftViewController.swift in Sources */,
				DC5625C41BCAA01F00B73BED /* Alphabet.swift in Sources */,
				DCDEAED81BC967D900970747 /* RightViewController.swift in Sources */,
				DCDEAEC41BC9594300970747 /* AppDelegate.swift in Sources */,
			);
			runOnlyForDeploymentPostprocessing = 0;
		};
/* End PBXSourcesBuildPhase section */

/* Begin PBXVariantGroup section */
		DCDEAEC71BC9594300970747 /* Main.storyboard */ = {
			isa = PBXVariantGroup;
			children = (
				DCDEAEC81BC9594300970747 /* Base */,
			);
			name = Main.storyboard;
			sourceTree = "<group>";
		};
/* End PBXVariantGroup section */

/* Begin XCBuildConfiguration section */
		DCDEAED01BC9594300970747 /* Debug */ = {
			isa = XCBuildConfiguration;
			buildSettings = {
				ALWAYS_SEARCH_USER_PATHS = NO;
				CLANG_CXX_LANGUAGE_STANDARD = "gnu++0x";
				CLANG_CXX_LIBRARY = "libc++";
				CLANG_ENABLE_MODULES = YES;
				CLANG_ENABLE_OBJC_ARC = YES;
				CLANG_WARN_BOOL_CONVERSION = YES;
				CLANG_WARN_CONSTANT_CONVERSION = YES;
				CLANG_WARN_DIRECT_OBJC_ISA_USAGE = YES_ERROR;
				CLANG_WARN_EMPTY_BODY = YES;
				CLANG_WARN_ENUM_CONVERSION = YES;
				CLANG_WARN_INT_CONVERSION = YES;
				CLANG_WARN_OBJC_ROOT_CLASS = YES_ERROR;
				CLANG_WARN_UNREACHABLE_CODE = YES;
				CLANG_WARN__DUPLICATE_METHOD_MATCH = YES;
				"CODE_SIGN_IDENTITY[sdk=iphoneos*]" = "iPhone Developer";
				COPY_PHASE_STRIP = NO;
				DEBUG_INFORMATION_FORMAT = dwarf;
				ENABLE_STRICT_OBJC_MSGSEND = YES;
				ENABLE_TESTABILITY = YES;
				GCC_C_LANGUAGE_STANDARD = gnu99;
				GCC_DYNAMIC_NO_PIC = NO;
				GCC_NO_COMMON_BLOCKS = YES;
				GCC_OPTIMIZATION_LEVEL = 0;
				GCC_PREPROCESSOR_DEFINITIONS = (
					"DEBUG=1",
					"$(inherited)",
				);
				GCC_WARN_64_TO_32_BIT_CONVERSION = YES;
				GCC_WARN_ABOUT_RETURN_TYPE = YES_ERROR;
				GCC_WARN_UNDECLARED_SELECTOR = YES;
				GCC_WARN_UNINITIALIZED_AUTOS = YES_AGGRESSIVE;
				GCC_WARN_UNUSED_FUNCTION = YES;
				GCC_WARN_UNUSED_VARIABLE = YES;
				IPHONEOS_DEPLOYMENT_TARGET = 9.0;
				MTL_ENABLE_DEBUG_INFO = YES;
				ONLY_ACTIVE_ARCH = YES;
				SDKROOT = iphoneos;
				SWIFT_OPTIMIZATION_LEVEL = "-Onone";
			};
			name = Debug;
		};
		DCDEAED11BC9594300970747 /* Release */ = {
			isa = XCBuildConfiguration;
			buildSettings = {
				ALWAYS_SEARCH_USER_PATHS = NO;
				CLANG_CXX_LANGUAGE_STANDARD = "gnu++0x";
				CLANG_CXX_LIBRARY = "libc++";
				CLANG_ENABLE_MODULES = YES;
				CLANG_ENABLE_OBJC_ARC = YES;
				CLANG_WARN_BOOL_CONVERSION = YES;
				CLANG_WARN_CONSTANT_CONVERSION = YES;
				CLANG_WARN_DIRECT_OBJC_ISA_USAGE = YES_ERROR;
				CLANG_WARN_EMPTY_BODY = YES;
				CLANG_WARN_ENUM_CONVERSION = YES;
				CLANG_WARN_INT_CONVERSION = YES;
				CLANG_WARN_OBJC_ROOT_CLASS = YES_ERROR;
				CLANG_WARN_UNREACHABLE_CODE = YES;
				CLANG_WARN__DUPLICATE_METHOD_MATCH = YES;
				"CODE_SIGN_IDENTITY[sdk=iphoneos*]" = "iPhone Developer";
				COPY_PHASE_STRIP = NO;
				DEBUG_INFORMATION_FORMAT = "dwarf-with-dsym";
				ENABLE_NS_ASSERTIONS = NO;
				ENABLE_STRICT_OBJC_MSGSEND = YES;
				GCC_C_LANGUAGE_STANDARD = gnu99;
				GCC_NO_COMMON_BLOCKS = YES;
				GCC_WARN_64_TO_32_BIT_CONVERSION = YES;
				GCC_WARN_ABOUT_RETURN_TYPE = YES_ERROR;
				GCC_WARN_UNDECLARED_SELECTOR = YES;
				GCC_WARN_UNINITIALIZED_AUTOS = YES_AGGRESSIVE;
				GCC_WARN_UNUSED_FUNCTION = YES;
				GCC_WARN_UNUSED_VARIABLE = YES;
				IPHONEOS_DEPLOYMENT_TARGET = 9.0;
				MTL_ENABLE_DEBUG_INFO = NO;
				SDKROOT = iphoneos;
				VALIDATE_PRODUCT = YES;
			};
			name = Release;
		};
		DCDEAED31BC9594300970747 /* Debug */ = {
			isa = XCBuildConfiguration;
			buildSettings = {
				ASSETCATALOG_COMPILER_APPICON_NAME = AppIcon;
				CODE_SIGN_IDENTITY = "iPhone Developer";
				"CODE_SIGN_IDENTITY[sdk=iphoneos*]" = "iPhone Developer";
				INFOPLIST_FILE = DaddyAlphabet/Info.plist;
				LD_RUNPATH_SEARCH_PATHS = "$(inherited) @executable_path/Frameworks";
				PRODUCT_BUNDLE_IDENTIFIER = sureshsurelia.DaddyAlphabet;
				PRODUCT_NAME = "$(TARGET_NAME)";
				PROVISIONING_PROFILE = "";
			};
			name = Debug;
		};
		DCDEAED41BC9594300970747 /* Release */ = {
			isa = XCBuildConfiguration;
			buildSettings = {
				ASSETCATALOG_COMPILER_APPICON_NAME = AppIcon;
				CODE_SIGN_IDENTITY = "iPhone Developer";
				"CODE_SIGN_IDENTITY[sdk=iphoneos*]" = "iPhone Developer";
				INFOPLIST_FILE = DaddyAlphabet/Info.plist;
				LD_RUNPATH_SEARCH_PATHS = "$(inherited) @executable_path/Frameworks";
				PRODUCT_BUNDLE_IDENTIFIER = sureshsurelia.DaddyAlphabet;
				PRODUCT_NAME = "$(TARGET_NAME)";
				PROVISIONING_PROFILE = "";
			};
			name = Release;
		};
/* End XCBuildConfiguration section */

/* Begin XCConfigurationList section */
		DCDEAEBB1BC9594300970747 /* Build configuration list for PBXProject "DaddyAlphabet" */ = {
			isa = XCConfigurationList;
			buildConfigurations = (
				DCDEAED01BC9594300970747 /* Debug */,
				DCDEAED11BC9594300970747 /* Release */,
			);
			defaultConfigurationIsVisible = 0;
			defaultConfigurationName = Release;
		};
		DCDEAED21BC9594300970747 /* Build configuration list for PBXNativeTarget "DaddyAlphabet" */ = {
			isa = XCConfigurationList;
			buildConfigurations = (
				DCDEAED31BC9594300970747 /* Debug */,
				DCDEAED41BC9594300970747 /* Release */,
			);
			defaultConfigurationIsVisible = 0;
			defaultConfigurationName = Release;
		};
/* End XCConfigurationList section */
	};
	rootObject = DCDEAEB81BC9594300970747 /* Project object */;
}
