// !$*UTF8*$!
{
	archiveVersion = 1;
	classes = {
	};
	objectVersion = 46;
	objects = {

/* Begin PBXBuildFile section */
		DCDEAEC41BC9594300970747 /* AppDelegate.swift in Sources */ = {isa = PBXBuildFile; fileRef = DCDEAEC31BC9594300970747 /* AppDelegate.swift */; };
		DCDEAEC61BC9594300970747 /* ViewController.swift in Sources */ = {isa = PBXBuildFile; fileRef = DCDEAEC51BC9594300970747 /* ViewController.swift */; };
		DCDEAEC91BC9594300970747 /* Main.storyboard in Resources */ = {isa = PBXBuildFile; fileRef = DCDEAEC71BC9594300970747 /* Main.storyboard */; };
		DCDEAECB1BC9594300970747 /* Assets.xcassets in Resources */ = {isa = PBXBuildFile; fileRef = DCDEAECA1BC9594300970747 /* Assets.xcassets */; };
		DCDEAECE1BC9594300970747 /* LaunchScreen.storyboard in Resources */ = {isa = PBXBuildFile; fileRef = DCDEAECC1BC9594300970747 /* LaunchScreen.storyboard */; };
/* End PBXBuildFile section */

/* Begin PBXFileReference section */
		DCDEAEC01BC9594300970747 /* DaddyAlphabet.app */ = {isa = PBXFileReference; explicitFileType = wrapper.application; includeInIndex = 0; path = DaddyAlphabet.app; sourceTree = BUILT_PRODUCTS_DIR; };
		DCDEAEC31BC9594300970747 /* AppDelegate.swift */ = {isa = PBXFileReference; lastKnownFileType = sourcecode.swift; path = AppDelegate.swift; sourceTree = "<group>"; };
		DCDEAEC51BC9594300970747 /* ViewController.swift */ = {isa = PBXFileReference; lastKnownFileType = sourcecode.swift; path = ViewController.swift; sourceTree = "<group>"; };
		DCDEAEC81BC9594300970747 /* Base */ = {isa = PBXFileReference; lastKnownFileType = file.storyboard; name = Base; path = Base.lproj/Main.storyboard; sourceTree = "<group>"; };
		DCDEAECA1BC9594300970747 /* Assets.xcassets */ = {isa = PBXFileReference; lastKnownFileType = folder.assetcatalog; path = Assets.xcassets; sourceTree = "<group>"; };
		DCDEAECD1BC9594300970747 /* Base */ = {isa = PBXFileReference; lastKnownFileType = file.storyboard; name = Base; path = Base.lproj/LaunchScreen.storyboard; sourceTree = "<group>"; };
		DCDEAECF1BC9594300970747 /* Info.plist */ = {isa = PBXFileReference; lastKnownFileType = text.plist.xml; path = Info.plist; sourceTree = "<group>"; };
/* End PBXFileReference section */

/* Begin PBXFrameworksBuildPhase section */
		DCDEAEBD1BC9594300970747 /* Frameworks */ = {
			isa = PBXFrameworksBuildPhase;
			buildActionMask = 2147483647;
			files = (
			);
			runOnlyForDeploymentPostprocessing = 0;
		};
/* End PBXFrameworksBuildPhase section */

/* Begin PBXGroup section */
		DCDEAEB71BC9594300970747 = {
			isa = PBXGroup;
			children = (
				DCDEAEC21BC9594300970747 /* DaddyAlphabet */,
				DCDEAEC11BC9594300970747 /* Products */,
			);
			sourceTree = "<group>";
		};
		DCDEAEC11BC9594300970747 /* Products */ = {
			isa = PBXGroup;
			children = (
				DCDEAEC01BC9594300970747 /* DaddyAlphabet.app */,
			);
			name = Products;
			sourceTree = "<group>";
		};
		DCDEAEC21BC9594300970747 /* DaddyAlphabet */ = {
			isa = PBXGroup;
			children = (
				DCDEAEC31BC9594300970747 /* AppDelegate.swift */,
				DCDEAEC51BC9594300970747 /* ViewController.swift */,
				DCDEAEC71BC9594300970747 /* Main.storyboard */,
				DCDEAECA1BC9594300970747 /* Assets.xcassets */,
				DCDEAECC1BC9594300970747 /* LaunchScreen.storyboard */,
				DCDEAECF1BC9594300970747 /* Info.plist */,
			);
			path = DaddyAlphabet;
			sourceTree = "<group>";
		};
/* End PBXGroup section */

/* Begin PBXNativeTarget section */
		DCDEAEBF1BC9594300970747 /* DaddyAlphabet */ = {
			isa = PBXNativeTarget;
			buildConfigurationList = DCDEAED21BC9594300970747 /* Build configuration list for PBXNativeTarget "DaddyAlphabet" */;
			buildPhases = (
				DCDEAEBC1BC9594300970747 /* Sources */,
				DCDEAEBD1BC9594300970747 /* Frameworks */,
				DCDEAEBE1BC9594300970747 /* Resources */,
			);
			buildRules = (
			);
			dependencies = (
			);
			name = DaddyAlphabet;
			productName = DaddyAlphabet;
			productReference = DCDEAEC01BC9594300970747 /* DaddyAlphabet.app */;
			productType = "com.apple.product-type.application";
		};
/* End PBXNativeTarget section */

/* Begin PBXProject section */
		DCDEAEB81BC9594300970747 /* Project object */ = {
			isa = PBXProject;
			attributes = {
				LastUpgradeCheck = 0700;
				ORGANIZATIONNAME = "Suresh Surelia";
				TargetAttributes = {
					DCDEAEBF1BC9594300970747 = {
						CreatedOnToolsVersion = 7.0;
					};
				};
			};
			buildConfigurationList = DCDEAEBB1BC9594300970747 /* Build configuration list for PBXProject "DaddyAlphabet" */;
			compatibilityVersion = "Xcode 3.2";
			developmentRegion = English;
			hasScannedForEncodings = 0;
			knownRegions = (
				en,
				Base,
			);
			mainGroup = DCDEAEB71BC9594300970747;
			productRefGroup = DCDEAEC11BC9594300970747 /* Products */;
			projectDirPath = "";
			projectRoot = "";
			targets = (
				DCDEAEBF1BC9594300970747 /* DaddyAlphabet */,
			);
		};
/* End PBXProject section */

/* Begin PBXResourcesBuildPhase section */
		DCDEAEBE1BC9594300970747 /* Resources */ = {
			isa = PBXResourcesBuildPhase;
			buildActionMask = 2147483647;
			files = (
				DCDEAECE1BC9594300970747 /* LaunchScreen.storyboard in Resources */,
				DCDEAECB1BC9594300970747 /* Assets.xcassets in Resources */,
				DCDEAEC91BC9594300970747 /* Main.storyboard in Resources */,
			);
			runOnlyForDeploymentPostprocessing = 0;
		};
/* End PBXResourcesBuildPhase section */

/* Begin PBXSourcesBuildPhase section */
		DCDEAEBC1BC9594300970747 /* Sources */ = {
			isa = PBXSourcesBuildPhase;
			buildActionMask = 2147483647;
			files = (
				DCDEAEC61BC9594300970747 /* ViewController.swift in Sources */,
				DCDEAEC41BC9594300970747 /* AppDelegate.swift in Sources */,
			);
			runOnlyForDeploymentPostprocessing = 0;
		};
/* End PBXSourcesBuildPhase section */

/* Begin PBXVariantGroup section */
		DCDEAEC71BC9594300970747 /* Main.storyboard */ = {
			isa = PBXVariantGroup;
			children = (
				DCDEAEC81BC9594300970747 /* Base */,
			);
			name = Main.storyboard;
			sourceTree = "<group>";
		};
		DCDEAECC1BC9594300970747 /* LaunchScreen.storyboard */ = {
			isa = PBXVariantGroup;
			children = (
				DCDEAECD1BC9594300970747 /* Base */,
			);
			name = LaunchScreen.storyboard;
			sourceTree = "<group>";
		};
/* End PBXVariantGroup section */

/* Begin XCBuildConfiguration section */
		DCDEAED01BC9594300970747 /* Debug */ = {
			isa = XCBuildConfiguration;
			buildSettings = {
				ALWAYS_SEARCH_USER_PATHS = NO;
				CLANG_CXX_LANGUAGE_STANDARD = "gnu++0x";
				CLANG_CXX_LIBRARY = "libc++";
				CLANG_ENABLE_MODULES = YES;
				CLANG_ENABLE_OBJC_ARC = YES;
				CLANG_WARN_BOOL_CONVERSION = YES;
				CLANG_WARN_CONSTANT_CONVERSION = YES;
				CLANG_WARN_DIRECT_OBJC_ISA_USAGE = YES_ERROR;
				CLANG_WARN_EMPTY_BODY = YES;
				CLANG_WARN_ENUM_CONVERSION = YES;
				CLANG_WARN_INT_CONVERSION = YES;
				CLANG_WARN_OBJC_ROOT_CLASS = YES_ERROR;
				CLANG_WARN_UNREACHABLE_CODE = YES;
				CLANG_WARN__DUPLICATE_METHOD_MATCH = YES;
				"CODE_SIGN_IDENTITY[sdk=iphoneos*]" = "iPhone Developer";
				COPY_PHASE_STRIP = NO;
				DEBUG_INFORMATION_FORMAT = dwarf;
				ENABLE_STRICT_OBJC_MSGSEND = YES;
				ENABLE_TESTABILITY = YES;
				GCC_C_LANGUAGE_STANDARD = gnu99;
				GCC_DYNAMIC_NO_PIC = NO;
				GCC_NO_COMMON_BLOCKS = YES;
				GCC_OPTIMIZATION_LEVEL = 0;
				GCC_PREPROCESSOR_DEFINITIONS = (
					"DEBUG=1",
					"$(inherited)",
				);
				GCC_WARN_64_TO_32_BIT_CONVERSION = YES;
				GCC_WARN_ABOUT_RETURN_TYPE = YES_ERROR;
				GCC_WARN_UNDECLARED_SELECTOR = YES;
				GCC_WARN_UNINITIALIZED_AUTOS = YES_AGGRESSIVE;
				GCC_WARN_UNUSED_FUNCTION = YES;
				GCC_WARN_UNUSED_VARIABLE = YES;
				IPHONEOS_DEPLOYMENT_TARGET = 9.0;
				MTL_ENABLE_DEBUG_INFO = YES;
				ONLY_ACTIVE_ARCH = YES;
				SDKROOT = iphoneos;
				SWIFT_OPTIMIZATION_LEVEL = "-Onone";
			};
			name = Debug;
		};
		DCDEAED11BC9594300970747 /* Release */ = {
			isa = XCBuildConfiguration;
			buildSettings = {
				ALWAYS_SEARCH_USER_PATHS = NO;
				CLANG_CXX_LANGUAGE_STANDARD = "gnu++0x";
				CLANG_CXX_LIBRARY = "libc++";
				CLANG_ENABLE_MODULES = YES;
				CLANG_ENABLE_OBJC_ARC = YES;
				CLANG_WARN_BOOL_CONVERSION = YES;
				CLANG_WARN_CONSTANT_CONVERSION = YES;
				CLANG_WARN_DIRECT_OBJC_ISA_USAGE = YES_ERROR;
				CLANG_WARN_EMPTY_BODY = YES;
				CLANG_WARN_ENUM_CONVERSION = YES;
				CLANG_WARN_INT_CONVERSION = YES;
				CLANG_WARN_OBJC_ROOT_CLASS = YES_ERROR;
				CLANG_WARN_UNREACHABLE_CODE = YES;
				CLANG_WARN__DUPLICATE_METHOD_MATCH = YES;
				"CODE_SIGN_IDENTITY[sdk=iphoneos*]" = "iPhone Developer";
				COPY_PHASE_STRIP = NO;
				DEBUG_INFORMATION_FORMAT = "dwarf-with-dsym";
				ENABLE_NS_ASSERTIONS = NO;
				ENABLE_STRICT_OBJC_MSGSEND = YES;
				GCC_C_LANGUAGE_STANDARD = gnu99;
				GCC_NO_COMMON_BLOCKS = YES;
				GCC_WARN_64_TO_32_BIT_CONVERSION = YES;
				GCC_WARN_ABOUT_RETURN_TYPE = YES_ERROR;
				GCC_WARN_UNDECLARED_SELECTOR = YES;
				GCC_WARN_UNINITIALIZED_AUTOS = YES_AGGRESSIVE;
				GCC_WARN_UNUSED_FUNCTION = YES;
				GCC_WARN_UNUSED_VARIABLE = YES;
				IPHONEOS_DEPLOYMENT_TARGET = 9.0;
				MTL_ENABLE_DEBUG_INFO = NO;
				SDKROOT = iphoneos;
				VALIDATE_PRODUCT = YES;
			};
			name = Release;
		};
		DCDEAED31BC9594300970747 /* Debug */ = {
			isa = XCBuildConfiguration;
			buildSettings = {
				ASSETCATALOG_COMPILER_APPICON_NAME = AppIcon;
				INFOPLIST_FILE = DaddyAlphabet/Info.plist;
				LD_RUNPATH_SEARCH_PATHS = "$(inherited) @executable_path/Frameworks";
				PRODUCT_BUNDLE_IDENTIFIER = sureshsurelia.DaddyAlphabet;
				PRODUCT_NAME = "$(TARGET_NAME)";
			};
			name = Debug;
		};
		DCDEAED41BC9594300970747 /* Release */ = {
			isa = XCBuildConfiguration;
			buildSettings = {
				ASSETCATALOG_COMPILER_APPICON_NAME = AppIcon;
				INFOPLIST_FILE = DaddyAlphabet/Info.plist;
				LD_RUNPATH_SEARCH_PATHS = "$(inherited) @executable_path/Frameworks";
				PRODUCT_BUNDLE_IDENTIFIER = sureshsurelia.DaddyAlphabet;
				PRODUCT_NAME = "$(TARGET_NAME)";
			};
			name = Release;
		};
/* End XCBuildConfiguration section */

/* Begin XCConfigurationList section */
		DCDEAEBB1BC9594300970747 /* Build configuration list for PBXProject "DaddyAlphabet" */ = {
			isa = XCConfigurationList;
			buildConfigurations = (
				DCDEAED01BC9594300970747 /* Debug */,
				DCDEAED11BC9594300970747 /* Release */,
			);
			defaultConfigurationIsVisible = 0;
			defaultConfigurationName = Release;
		};
		DCDEAED21BC9594300970747 /* Build configuration list for PBXNativeTarget "DaddyAlphabet" */ = {
			isa = XCConfigurationList;
			buildConfigurations = (
				DCDEAED31BC9594300970747 /* Debug */,
				DCDEAED41BC9594300970747 /* Release */,
			);
			defaultConfigurationIsVisible = 0;
		};
/* End XCConfigurationList section */
	};
	rootObject = DCDEAEB81BC9594300970747 /* Project object */;
}
